
Microsoft Visual Studio Solution File, Format Version 12.00
# Visual Studio Version 16
VisualStudioVersion = 16.0.31019.35
MinimumVisualStudioVersion = 10.0.40219.1
Project("{9A19103F-16F7-4668-BE54-9A1E7A4F7556}") = "wqasdasda", "wqasdasda\wqasdasda.csproj", "{F6D0F51D-10A5-478F-9D00-CAB49A28BEEF}"
EndProject
Global
	GlobalSection(SolutionConfigurationPlatforms) = preSolution
		Debug|Any CPU = Debug|Any CPU
		Release|Any CPU = Release|Any CPU
	EndGlobalSection
	GlobalSection(ProjectConfigurationPlatforms) = postSolution
		{F6D0F51D-10A5-478F-9D00-CAB49A28BEEF}.Debug|Any CPU.ActiveCfg = Debug|Any CPU
		{F6D0F51D-10A5-478F-9D00-CAB49A28BEEF}.Debug|Any CPU.Build.0 = Debug|Any CPU
		{F6D0F51D-10A5-478F-9D00-CAB49A28BEEF}.Release|Any CPU.ActiveCfg = Release|Any CPU
		{F6D0F51D-10A5-478F-9D00-CAB49A28BEEF}.Release|Any CPU.Build.0 = Release|Any CPU
	EndGlobalSection
	GlobalSection(SolutionProperties) = preSolution
		HideSolutionNode = FALSE
	EndGlobalSection
	GlobalSection(ExtensibilityGlobals) = postSolution
		SolutionGuid = {31C13B5E-20CA-41C3-A5D1-C542777AF650}
	EndGlobalSection
EndGlobal
